{
  "nodes": {
    "base16": {
      "inputs": {
        "nixpkgs": [
          "nixpkgs"
        ]
      },
      "locked": {
        "lastModified": 1656262550,
        "narHash": "sha256-q7olpOMV5829fDpdjA18QO0opk4ClvRYluugS6//hoA=",
        "owner": "SenchoPens",
        "repo": "base16.nix",
        "rev": "e8d6be0aeed63908c1851c47192b74abb0254a44",
        "type": "github"
      },
      "original": {
        "owner": "SenchoPens",
        "repo": "base16.nix",
        "type": "github"
      }
    },
    "base16-alacritty": {
      "flake": false,
      "locked": {
        "lastModified": 1617644576,
        "narHash": "sha256-oDsuiKx8gt+Ov7hZ9PibIQtE81IRSLO+n5N99WeiK34=",
        "owner": "aarowill",
        "repo": "base16-alacritty",
        "rev": "914727e48ebf3eab1574e23ca0db0ecd0e5fe9d0",
        "type": "github"
      },
      "original": {
        "owner": "aarowill",
        "repo": "base16-alacritty",
        "type": "github"
      }
    },
    "base16-atelier": {
      "flake": false,
      "locked": {
        "lastModified": 1495956440,
        "narHash": "sha256-tKOPV4uStfEM6xBa+3sOLtpkpi/ykEiLlybt+3g09WQ=",
        "owner": "atelierbram",
        "repo": "base16-atelier-schemes",
        "rev": "212179fded98ecfa7d88ad7a756d81297a3371c2",
        "type": "github"
      },
      "original": {
        "owner": "atelierbram",
        "repo": "base16-atelier-schemes",
        "type": "github"
      }
    },
    "base16-gtk": {
      "flake": false,
      "locked": {
        "lastModified": 1606080580,
        "narHash": "sha256-jz7iJPaMjipBN6DJ8I8WUg4t+zfKK4Adh2ayOipy+Z8=",
        "owner": "Misterio77",
        "repo": "base16-gtk-flatcolor",
        "rev": "2e19703f19feda5ecd95fc5fbd22e7548b489f13",
        "type": "github"
      },
      "original": {
        "owner": "Misterio77",
        "repo": "base16-gtk-flatcolor",
        "type": "github"
      }
    },
    "base16-mako": {
      "flake": false,
      "locked": {
        "lastModified": 1584466459,
        "narHash": "sha256-83csG/gORJlPg9sOlOeWgAH9KYgt+cgrJJNXMuIaVBQ=",
        "owner": "Eluminae",
        "repo": "base16-mako",
        "rev": "f46c99682c03d30f52436741f1902db36738bf06",
        "type": "github"
      },
      "original": {
        "owner": "Eluminae",
        "repo": "base16-mako",
        "type": "github"
      }
    },
    "base16-shell": {
      "flake": false,
      "locked": {
        "lastModified": 1560619632,
        "narHash": "sha256-OMhC6paqEOQUnxyb33u0kfKpy8plLSRgp8X8T8w0Q/o=",
        "owner": "chriskempson",
        "repo": "base16-shell",
        "rev": "ce8e1e540367ea83cc3e01eec7b2a11783b3f9e1",
        "type": "github"
      },
      "original": {
        "owner": "chriskempson",
        "repo": "base16-shell",
        "type": "github"
      }
    },
    "base16-sway": {
      "flake": false,
      "locked": {
        "lastModified": 1630788154,
        "narHash": "sha256-34KRsHvwdSMXOSWul/cNrzO3iawQ8DiMltcnkNi4OoE=",
        "owner": "rkubosz",
        "repo": "base16-sway",
        "rev": "f8edbb746fe2962cfe73feca7023b9c1ae1e59eb",
        "type": "github"
      },
      "original": {
        "owner": "rkubosz",
        "repo": "base16-sway",
        "type": "github"
      }
    },
    "base16-unclaimed": {
      "flake": false,
      "locked": {
        "lastModified": 1527170198,
        "narHash": "sha256-YV2tgexpyeLqm6d8WaBwT9QPAHT/gxhiFpxQq03xdhA=",
        "owner": "chriskempson",
        "repo": "base16-unclaimed-schemes",
        "rev": "d6b93456dc1012628faec572387814f59e0b854a",
        "type": "github"
      },
      "original": {
        "owner": "chriskempson",
        "repo": "base16-unclaimed-schemes",
        "type": "github"
      }
    },
    "base16-waybar": {
      "flake": false,
      "locked": {
        "lastModified": 1546831770,
        "narHash": "sha256-ehb4CLLPJ/SjMz53/inuP9ine2CfIpexp2O1lVHihM0=",
        "owner": "mnussbaum",
        "repo": "base16-waybar",
        "rev": "d2f943b1abb9c9f295e4c6760b7bdfc2125171d2",
        "type": "github"
      },
      "original": {
        "owner": "mnussbaum",
        "repo": "base16-waybar",
        "type": "github"
      }
    },
    "base16-wofi": {
      "flake": false,
      "locked": {
        "narHash": "sha256-fwTzuQYD8Ue0DXtTua8ZwDjCdYZm0V5u8Oz/BY711gQ=",
        "type": "tarball",
        "url": "https://git.sr.ht/~knezi/base16-wofi/archive/v1.0.tar.gz"
      },
      "original": {
        "type": "tarball",
        "url": "https://git.sr.ht/~knezi/base16-wofi/archive/v1.0.tar.gz"
      }
    },
    "home-manager": {
      "inputs": {
        "nixpkgs": [
          "nixpkgs"
        ],
        "utils": "utils"
      },
      "locked": {
        "lastModified": 1656367977,
        "narHash": "sha256-0hV17V9Up9pnAtPJ+787FhrsPnawxoTPA/VxgjRMrjc=",
        "owner": "nix-community",
        "repo": "home-manager",
        "rev": "3bf16c0fd141c28312be52945d1543f9ce557bb1",
        "type": "github"
      },
      "original": {
        "owner": "nix-community",
        "repo": "home-manager",
        "type": "github"
      }
    },
    "nixpkgs": {
      "locked": {
        "lastModified": 1656519803,
        "narHash": "sha256-6YIuAGkYWZhaLDZE+1HtF3kncVkA9dAMWY1dfP/THS8=",
        "owner": "NixOS",
        "repo": "nixpkgs",
        "rev": "93950edf017d6a64479069fbf271aa92b7e44d7f",
        "type": "github"
      },
      "original": {
        "owner": "NixOS",
        "ref": "nixos-22.05-small",
        "repo": "nixpkgs",
        "type": "github"
      }
    },
    "nixpkgs-21_11": {
      "locked": {
        "lastModified": 1656198488,
        "narHash": "sha256-xe81o3Kin6a0jXA3mTxcR+jeA1jLKw3TCar5LUo/B5c=",
        "owner": "NixOS",
        "repo": "nixpkgs",
        "rev": "46af3303651699dc58cfc251d9b18c0f59d857da",
        "type": "github"
      },
      "original": {
        "owner": "NixOS",
        "ref": "release-21.11",
        "repo": "nixpkgs",
        "type": "github"
      }
    },
    "nixpkgs-22_05": {
      "locked": {
        "lastModified": 1656199498,
        "narHash": "sha256-/BCpM7j7y1G4het6Z3idlnv9A87/s0O1glVmH7fnWvk=",
        "owner": "NixOS",
        "repo": "nixpkgs",
        "rev": "72a1f167077060a1a7b6e0104863245d0483fa7f",
        "type": "github"
      },
      "original": {
        "owner": "NixOS",
        "ref": "release-22.05",
        "repo": "nixpkgs",
        "type": "github"
      }
    },
    "nixpkgs-unstable": {
      "locked": {
        "lastModified": 1656401090,
        "narHash": "sha256-bUS2nfQsvTQW2z8SK7oEFSElbmoBahOPtbXPm0AL3I4=",
        "owner": "NixOS",
        "repo": "nixpkgs",
        "rev": "16de63fcc54e88b9a106a603038dd5dd2feb21eb",
        "type": "github"
      },
      "original": {
        "owner": "NixOS",
        "ref": "nixpkgs-unstable",
        "repo": "nixpkgs",
        "type": "github"
      }
    },
    "root": {
      "inputs": {
        "base16": "base16",
        "base16-alacritty": "base16-alacritty",
        "base16-atelier": "base16-atelier",
        "base16-gtk": "base16-gtk",
        "base16-mako": "base16-mako",
        "base16-shell": "base16-shell",
        "base16-sway": "base16-sway",
        "base16-unclaimed": "base16-unclaimed",
        "base16-waybar": "base16-waybar",
        "base16-wofi": "base16-wofi",
        "home-manager": "home-manager",
        "nixpkgs": "nixpkgs",
        "nixpkgs-unstable": "nixpkgs-unstable",
        "sops-nix": "sops-nix"
      }
    },
    "sops-nix": {
      "inputs": {
        "nixpkgs": [
          "nixpkgs"
        ],
        "nixpkgs-21_11": "nixpkgs-21_11",
        "nixpkgs-22_05": "nixpkgs-22_05"
      },
      "locked": {
        "lastModified": 1656399028,
        "narHash": "sha256-re66+rVHGR3y+0QsaDAwoAHCfoi3BlGV24t2EqRZsAE=",
        "owner": "Mic92",
        "repo": "sops-nix",
        "rev": "d26947f2d6252e2aae5ffddfe9b38b7c4b94e8f9",
        "type": "github"
      },
      "original": {
        "owner": "Mic92",
        "repo": "sops-nix",
        "type": "github"
      }
    },
    "utils": {
      "locked": {
        "lastModified": 1653893745,
        "narHash": "sha256-0jntwV3Z8//YwuOjzhV2sgJJPt+HY6KhU7VZUL0fKZQ=",
        "owner": "numtide",
        "repo": "flake-utils",
        "rev": "1ed9fb1935d260de5fe1c2f7ee0ebaae17ed2fa1",
        "type": "github"
      },
      "original": {
        "owner": "numtide",
        "repo": "flake-utils",
        "type": "github"
      }
    }
  },
  "root": "root",
  "version": 7
}
