{
  "nodes": {
    "arion": {
      "inputs": {
        "flake-parts": "flake-parts",
        "haskell-flake": "haskell-flake",
        "hercules-ci-effects": "hercules-ci-effects",
        "nixpkgs": [
          "nixpkgs"
        ]
      },
      "locked": {
        "lastModified": 1712285456,
        "narHash": "sha256-A4EBTlFfeosNaO8zpN7rlWTgF9AHy755NxKBvhJ1b0w=",
        "owner": "hercules-ci",
        "repo": "arion",
        "rev": "1886d25075aaf24c8bc687b3d2a87ae1f5d154ec",
        "type": "github"
      },
      "original": {
        "owner": "hercules-ci",
        "repo": "arion",
        "type": "github"
      }
    },
    "base16": {
      "inputs": {
        "nixpkgs": "nixpkgs"
      },
      "locked": {
        "lastModified": 1658847131,
        "narHash": "sha256-X6Mml7cT0YR3WCD5fkUhpRVV5ZPcwdcDsND8r8xMqTE=",
        "owner": "SenchoPens",
        "repo": "base16.nix",
        "rev": "6b404cda2e04ca3cf5ca7b877af9c469e1386acb",
        "type": "github"
      },
      "original": {
        "owner": "SenchoPens",
        "ref": "v1.1.1",
        "repo": "base16.nix",
        "type": "github"
      }
    },
    "base16-alacritty": {
      "flake": false,
      "locked": {
        "lastModified": 1703982197,
        "narHash": "sha256-TNxKbwdiUXGi4Z4chT72l3mt3GSvOcz6NZsUH8bQU/k=",
        "owner": "aarowill",
        "repo": "base16-alacritty",
        "rev": "c95c200b3af739708455a03b5d185d3d2d263c6e",
        "type": "github"
      },
      "original": {
        "owner": "aarowill",
        "repo": "base16-alacritty",
        "type": "github"
      }
    },
    "base16-atelier": {
      "flake": false,
      "locked": {
        "lastModified": 1495956440,
        "narHash": "sha256-tKOPV4uStfEM6xBa+3sOLtpkpi/ykEiLlybt+3g09WQ=",
        "owner": "atelierbram",
        "repo": "base16-atelier-schemes",
        "rev": "212179fded98ecfa7d88ad7a756d81297a3371c2",
        "type": "github"
      },
      "original": {
        "owner": "atelierbram",
        "repo": "base16-atelier-schemes",
        "type": "github"
      }
    },
    "base16-fish-shell": {
      "flake": false,
      "locked": {
        "lastModified": 1638317847,
        "narHash": "sha256-Bf6V/sF0NqUC2iCNXMZWM3ijpicnJhMpoKZSwOuiS3s=",
        "owner": "FabioAntunes",
        "repo": "base16-fish-shell",
        "rev": "d358af9a724715efd0d31b417ba56e622a239612",
        "type": "github"
      },
      "original": {
        "owner": "FabioAntunes",
        "repo": "base16-fish-shell",
        "type": "github"
      }
    },
    "base16-gtk": {
      "flake": false,
      "locked": {
        "lastModified": 1712450216,
        "narHash": "sha256-Ata863DhcnQJB70iELND3FLWu1GGZ7BK/At9Yak38Jk=",
        "owner": "tinted-theming",
        "repo": "base16-gtk-flatcolor",
        "rev": "d77fd9667ac148fdd649560e04fdc135f543eae0",
        "type": "github"
      },
      "original": {
        "owner": "tinted-theming",
        "repo": "base16-gtk-flatcolor",
        "type": "github"
      }
    },
    "base16-mako": {
      "flake": false,
      "locked": {
        "lastModified": 1584466459,
        "narHash": "sha256-83csG/gORJlPg9sOlOeWgAH9KYgt+cgrJJNXMuIaVBQ=",
        "owner": "Eluminae",
        "repo": "base16-mako",
        "rev": "f46c99682c03d30f52436741f1902db36738bf06",
        "type": "github"
      },
      "original": {
        "owner": "Eluminae",
        "repo": "base16-mako",
        "type": "github"
      }
    },
    "base16-shell": {
      "flake": false,
      "locked": {
        "lastModified": 1663053609,
        "narHash": "sha256-X89FsG9QICDw3jZvOCB/KsPBVOLUeE7xN3VCtf0DD3E=",
        "owner": "chriskempson",
        "repo": "base16-shell",
        "rev": "588691ba71b47e75793ed9edfcfaa058326a6f41",
        "type": "github"
      },
      "original": {
        "owner": "chriskempson",
        "repo": "base16-shell",
        "type": "github"
      }
    },
    "base16-sway": {
      "flake": false,
      "locked": {
        "lastModified": 1708008500,
        "narHash": "sha256-PAS3bnLKNEEgSJVBHOa4b/fCzyJ3WOInCQ+Qkrw7/zY=",
        "owner": "rkubosz",
        "repo": "base16-sway",
        "rev": "41a9936ad6a3fa23f56d682fc386de9d948ecce6",
        "type": "github"
      },
      "original": {
        "owner": "rkubosz",
        "repo": "base16-sway",
        "type": "github"
      }
    },
    "base16-unclaimed": {
      "flake": false,
      "locked": {
        "lastModified": 1527170198,
        "narHash": "sha256-YV2tgexpyeLqm6d8WaBwT9QPAHT/gxhiFpxQq03xdhA=",
        "owner": "chriskempson",
        "repo": "base16-unclaimed-schemes",
        "rev": "d6b93456dc1012628faec572387814f59e0b854a",
        "type": "github"
      },
      "original": {
        "owner": "chriskempson",
        "repo": "base16-unclaimed-schemes",
        "type": "github"
      }
    },
    "base16-waybar": {
      "flake": false,
      "locked": {
        "lastModified": 1546831770,
        "narHash": "sha256-ehb4CLLPJ/SjMz53/inuP9ine2CfIpexp2O1lVHihM0=",
        "owner": "mnussbaum",
        "repo": "base16-waybar",
        "rev": "d2f943b1abb9c9f295e4c6760b7bdfc2125171d2",
        "type": "github"
      },
      "original": {
        "owner": "mnussbaum",
        "repo": "base16-waybar",
        "type": "github"
      }
    },
    "base16-wofi": {
      "flake": false,
      "locked": {
        "lastModified": 1595391514,
        "narHash": "sha256-fwTzuQYD8Ue0DXtTua8ZwDjCdYZm0V5u8Oz/BY711gQ=",
        "type": "tarball",
        "url": "https://git.sr.ht/~knezi/base16-wofi/archive/v1.0.tar.gz"
      },
      "original": {
        "type": "tarball",
        "url": "https://git.sr.ht/~knezi/base16-wofi/archive/v1.0.tar.gz"
      }
    },
    "check_mk_agent": {
      "inputs": {
        "checkmk": "checkmk",
        "nixpkgs": [
          "nixpkgs"
        ]
      },
      "locked": {
        "lastModified": 1673604399,
        "narHash": "sha256-VqEBHBJ/QbBJ2zVRT80TRdp+mWcaTGinBHuel74EscM=",
        "owner": "BenediktSeidl",
        "repo": "nixos-check_mk_agent-overlay",
        "rev": "59c40e469c8a2429b1bb1a4e9278a2603b1e7322",
        "type": "github"
      },
      "original": {
        "owner": "BenediktSeidl",
        "repo": "nixos-check_mk_agent-overlay",
        "type": "github"
      }
    },
    "checkmk": {
      "flake": false,
      "locked": {
        "lastModified": 1673600050,
        "narHash": "sha256-NtEgXmwFPubT2mFRM171k52tD6Ref6NmZNM/YZzKRnE=",
        "owner": "tribe29",
        "repo": "checkmk",
        "rev": "f2879ef2ce6b2ede505fdae30dd861dcdf843622",
        "type": "github"
      },
      "original": {
        "owner": "tribe29",
        "ref": "2.1.0",
        "repo": "checkmk",
        "type": "github"
      }
    },
    "disko": {
      "inputs": {
        "nixpkgs": [
          "nixpkgs"
        ]
      },
      "locked": {
        "lastModified": 1713204594,
        "narHash": "sha256-5yyHYBWFZUKXkJvOccPBeX83hH2iED54NLnWs2eWgS0=",
        "owner": "nix-community",
        "repo": "disko",
        "rev": "d51114dc1bf3cfaba2b6644aabd16ff0c9909af5",
        "type": "github"
      },
      "original": {
        "owner": "nix-community",
        "repo": "disko",
        "type": "github"
      }
    },
    "flake-parts": {
      "inputs": {
        "nixpkgs-lib": [
          "arion",
          "nixpkgs"
        ]
      },
      "locked": {
        "lastModified": 1712014858,
        "narHash": "sha256-sB4SWl2lX95bExY2gMFG5HIzvva5AVMJd4Igm+GpZNw=",
        "owner": "hercules-ci",
        "repo": "flake-parts",
        "rev": "9126214d0a59633752a136528f5f3b9aa8565b7d",
        "type": "github"
      },
      "original": {
        "owner": "hercules-ci",
        "repo": "flake-parts",
        "type": "github"
      }
    },
    "flake-parts_2": {
      "inputs": {
        "nixpkgs-lib": [
          "arion",
          "hercules-ci-effects",
          "nixpkgs"
        ]
      },
      "locked": {
        "lastModified": 1709336216,
        "narHash": "sha256-Dt/wOWeW6Sqm11Yh+2+t0dfEWxoMxGBvv3JpIocFl9E=",
        "owner": "hercules-ci",
        "repo": "flake-parts",
        "rev": "f7b3c975cf067e56e7cda6cb098ebe3fb4d74ca2",
        "type": "github"
      },
      "original": {
        "id": "flake-parts",
        "type": "indirect"
      }
    },
    "flake-utils": {
      "inputs": {
        "systems": "systems"
      },
      "locked": {
        "lastModified": 1710146030,
        "narHash": "sha256-SZ5L6eA7HJ/nmkzGG7/ISclqe6oZdOZTNoesiInkXPQ=",
        "owner": "numtide",
        "repo": "flake-utils",
        "rev": "b1d9ab70662946ef0850d488da1c9019f3a9752a",
        "type": "github"
      },
      "original": {
        "owner": "numtide",
        "repo": "flake-utils",
        "type": "github"
      }
    },
    "haskell-flake": {
      "locked": {
        "lastModified": 1675296942,
        "narHash": "sha256-u1X1sblozi5qYEcLp1hxcyo8FfDHnRUVX3dJ/tW19jY=",
        "owner": "srid",
        "repo": "haskell-flake",
        "rev": "c2cafce9d57bfca41794dc3b99c593155006c71e",
        "type": "github"
      },
      "original": {
        "owner": "srid",
        "ref": "0.1.0",
        "repo": "haskell-flake",
        "type": "github"
      }
    },
    "hercules-ci-effects": {
      "inputs": {
        "flake-parts": "flake-parts_2",
        "nixpkgs": [
          "arion",
          "nixpkgs"
        ]
      },
      "locked": {
        "lastModified": 1710478346,
        "narHash": "sha256-Xjf8BdnQG0tLhPMlqQdwCIjOp7Teox0DP3N/jjyiGM4=",
        "owner": "hercules-ci",
        "repo": "hercules-ci-effects",
        "rev": "64e7763d72c1e4c1e5e6472640615b6ae2d40fbf",
        "type": "github"
      },
      "original": {
        "owner": "hercules-ci",
        "repo": "hercules-ci-effects",
        "type": "github"
      }
    },
    "home-manager": {
      "inputs": {
        "nixpkgs": [
          "nixpkgs"
        ]
      },
      "locked": {
        "lastModified": 1712386041,
        "narHash": "sha256-dA82pOMQNnCJMAsPG7AXG35VmCSMZsJHTFlTHizpKWQ=",
        "owner": "nix-community",
        "repo": "home-manager",
        "rev": "d6bb9f934f2870e5cbc5b94c79e9db22246141ff",
        "type": "github"
      },
      "original": {
        "owner": "nix-community",
        "ref": "release-23.11",
        "repo": "home-manager",
        "type": "github"
      }
    },
    "mobile-nixos": {
      "flake": false,
      "locked": {
        "lastModified": 1713034591,
        "narHash": "sha256-zEtSq4e1hsf5nPoTzsx+cvHTusQxFdyDpD3mOa360A0=",
        "owner": "NixOS",
        "repo": "mobile-nixos",
        "rev": "5455e4455b231218f6198b39383a0ad4c1d6638e",
        "type": "github"
      },
      "original": {
        "owner": "NixOS",
        "repo": "mobile-nixos",
        "type": "github"
      }
    },
    "nix-darwin": {
      "inputs": {
        "nixpkgs": [
          "nixpkgs"
        ]
      },
      "locked": {
        "lastModified": 1711763326,
        "narHash": "sha256-sXcesZWKXFlEQ8oyGHnfk4xc9f2Ip0X/+YZOq3sKviI=",
        "owner": "LnL7",
        "repo": "nix-darwin",
        "rev": "36524adc31566655f2f4d55ad6b875fb5c1a4083",
        "type": "github"
      },
      "original": {
        "owner": "LnL7",
        "repo": "nix-darwin",
        "type": "github"
      }
    },
    "nixlib": {
      "locked": {
        "lastModified": 1712450863,
        "narHash": "sha256-K6IkdtMtq9xktmYPj0uaYc8NsIqHuaAoRBaMgu9Fvrw=",
        "owner": "nix-community",
        "repo": "nixpkgs.lib",
        "rev": "3c62b6a12571c9a7f65ab037173ee153d539905f",
        "type": "github"
      },
      "original": {
        "owner": "nix-community",
        "repo": "nixpkgs.lib",
        "type": "github"
      }
    },
    "nixos-generators": {
      "inputs": {
        "nixlib": "nixlib",
        "nixpkgs": [
          "nixpkgs"
        ]
      },
      "locked": {
        "lastModified": 1712537332,
        "narHash": "sha256-yYlxv1sg/TNl6hghjAe0ct+/p5PwXiT1mpuaExjhR88=",
        "owner": "nix-community",
        "repo": "nixos-generators",
        "rev": "d942db8df8ee860556a38754f15b8d03bf7e6933",
        "type": "github"
      },
      "original": {
        "owner": "nix-community",
        "repo": "nixos-generators",
        "type": "github"
      }
    },
    "nixos-hardware": {
      "locked": {
        "lastModified": 1712909959,
        "narHash": "sha256-7/5ubuwdEbQ7Z+Vqd4u0mM5L2VMNDsBh54visp27CtQ=",
        "owner": "NixOS",
        "repo": "nixos-hardware",
        "rev": "f58b25254be441cd2a9b4b444ed83f1e51244f1f",
        "type": "github"
      },
      "original": {
        "owner": "NixOS",
        "ref": "master",
        "repo": "nixos-hardware",
        "type": "github"
      }
    },
    "nixpkgs": {
      "locked": {
        "lastModified": 1638371214,
        "narHash": "sha256-0kE6KhgH7n0vyuX4aUoGsGIQOqjIx2fJavpCWtn73rc=",
        "path": "/nix/store/d0dl9ch4hhxkqikc1dw3868j95gsbb0h-source",
        "rev": "a640d8394f34714578f3e6335fc767d0755d78f9",
        "type": "path"
      },
      "original": {
        "id": "nixpkgs",
        "type": "indirect"
      }
    },
    "nixpkgs-master": {
      "locked": {
        "lastModified": 1713376106,
        "narHash": "sha256-BEeTRULibCXU1lupffVTYAwBiIWJCUylxhC4Rc0j7dE=",
        "owner": "NixOS",
        "repo": "nixpkgs",
        "rev": "d3bf7abb557ea89bf9a5ba3c700fc020ee4f73f7",
        "type": "github"
      },
      "original": {
        "owner": "NixOS",
        "ref": "master",
        "repo": "nixpkgs",
        "type": "github"
      }
    },
    "nixpkgs-stable": {
      "locked": {
        "lastModified": 1713042715,
        "narHash": "sha256-RifMwYuKu5v6x6O65msKDTqKkQ9crGwOB7yr20qMEuE=",
        "owner": "NixOS",
        "repo": "nixpkgs",
        "rev": "c27f3b6d8e29346af16eecc0e9d54b1071eae27e",
        "type": "github"
      },
      "original": {
        "owner": "NixOS",
        "ref": "release-23.11",
        "repo": "nixpkgs",
        "type": "github"
      }
    },
    "nixpkgs-unstable": {
      "locked": {
        "lastModified": 1713254108,
        "narHash": "sha256-0TZIsfDbHG5zibtlw6x0yOp3jkInIGaJ35B7Y4G8Pec=",
        "owner": "NixOS",
        "repo": "nixpkgs",
        "rev": "2fd19c8be2551a61c1ddc3d9f86d748f4db94f00",
        "type": "github"
      },
      "original": {
        "owner": "NixOS",
        "ref": "nixpkgs-unstable",
        "repo": "nixpkgs",
        "type": "github"
      }
    },
    "nixpkgs_2": {
      "locked": {
        "lastModified": 1713145326,
        "narHash": "sha256-m7+IWM6mkWOg22EC5kRUFCycXsXLSU7hWmHdmBfmC3s=",
        "owner": "NixOS",
        "repo": "nixpkgs",
        "rev": "53a2c32bc66f5ae41a28d7a9a49d321172af621e",
        "type": "github"
      },
      "original": {
        "owner": "NixOS",
        "ref": "nixos-23.11",
        "repo": "nixpkgs",
        "type": "github"
      }
    },
    "nur": {
      "locked": {
        "lastModified": 1713372318,
        "narHash": "sha256-t4AZ5fhxXwWjtehmVGYx4d1rCgB8lHZg9uMH8vdBWp0=",
        "owner": "nix-community",
        "repo": "NUR",
        "rev": "ef7598dd6058fcc906b250271ad8ab37df8e3004",
        "type": "github"
      },
      "original": {
        "owner": "nix-community",
        "repo": "NUR",
        "type": "github"
      }
    },
    "root": {
      "inputs": {
        "arion": "arion",
        "base16": "base16",
        "base16-alacritty": "base16-alacritty",
        "base16-atelier": "base16-atelier",
        "base16-fish-shell": "base16-fish-shell",
        "base16-gtk": "base16-gtk",
        "base16-mako": "base16-mako",
        "base16-shell": "base16-shell",
        "base16-sway": "base16-sway",
        "base16-unclaimed": "base16-unclaimed",
        "base16-waybar": "base16-waybar",
        "base16-wofi": "base16-wofi",
        "check_mk_agent": "check_mk_agent",
        "disko": "disko",
        "flake-utils": "flake-utils",
        "home-manager": "home-manager",
        "mobile-nixos": "mobile-nixos",
        "nix-darwin": "nix-darwin",
        "nixos-generators": "nixos-generators",
        "nixos-hardware": "nixos-hardware",
        "nixpkgs": "nixpkgs_2",
        "nixpkgs-master": "nixpkgs-master",
        "nixpkgs-unstable": "nixpkgs-unstable",
        "nur": "nur",
        "sops-nix": "sops-nix"
      }
    },
    "sops-nix": {
      "inputs": {
        "nixpkgs": [
          "nixpkgs"
        ],
        "nixpkgs-stable": "nixpkgs-stable"
      },
      "locked": {
        "lastModified": 1713174909,
        "narHash": "sha256-APoDs2GtzVrsE+Z9w72qpHzEtEDfuinWcNTN7zhwLxg=",
        "owner": "Mic92",
        "repo": "sops-nix",
        "rev": "cc535d07cbcdd562bcca418e475c7b1959cefa4b",
        "type": "github"
      },
      "original": {
        "owner": "Mic92",
        "repo": "sops-nix",
        "type": "github"
      }
    },
    "systems": {
      "locked": {
        "lastModified": 1681028828,
        "narHash": "sha256-Vy1rq5AaRuLzOxct8nz4T6wlgyUR7zLU309k9mBC768=",
        "owner": "nix-systems",
        "repo": "default",
        "rev": "da67096a3b9bf56a91d16901293e51ba5b49a27e",
        "type": "github"
      },
      "original": {
        "owner": "nix-systems",
        "repo": "default",
        "type": "github"
      }
    }
  },
  "root": "root",
  "version": 7
}
