{
  "nodes": {
    "base16": {
      "inputs": {
        "nixpkgs": [
          "nixpkgs"
        ]
      },
      "locked": {
        "lastModified": 1651170200,
        "narHash": "sha256-pg9dLMFpi068vY30tmPOI7JPoE/YdihVYR1QEgWMG/U=",
        "owner": "SenchoPens",
        "repo": "base16.nix",
        "rev": "2aaa4ae5e646cc82ee036cd541ebc5e3c026e46a",
        "type": "github"
      },
      "original": {
        "owner": "SenchoPens",
        "repo": "base16.nix",
        "type": "github"
      }
    },
    "base16-atelier": {
      "flake": false,
      "locked": {
        "lastModified": 1495956440,
        "narHash": "sha256-tKOPV4uStfEM6xBa+3sOLtpkpi/ykEiLlybt+3g09WQ=",
        "owner": "atelierbram",
        "repo": "base16-atelier-schemes",
        "rev": "212179fded98ecfa7d88ad7a756d81297a3371c2",
        "type": "github"
      },
      "original": {
        "owner": "atelierbram",
        "repo": "base16-atelier-schemes",
        "type": "github"
      }
    },
    "home-manager": {
      "inputs": {
        "nixpkgs": [
          "nixpkgs"
        ]
      },
      "locked": {
        "lastModified": 1652452047,
        "narHash": "sha256-O6DI0dMH/5rNM+z9CQ/nqRMNBpNsU7TtLSsafKLZTHY=",
        "owner": "nix-community",
        "repo": "home-manager",
        "rev": "32a7da69dc53c9eb5ad0675eb7fdc58f7fe35272",
        "type": "github"
      },
      "original": {
        "owner": "nix-community",
        "repo": "home-manager",
        "type": "github"
      }
    },
    "nixpkgs": {
      "locked": {
        "lastModified": 1651427883,
        "narHash": "sha256-mnl1HHMNcHCLqNnikyodiIwUcYqUnDdbI0Y7sDiaYig=",
        "owner": "NixOS",
        "repo": "nixpkgs",
        "rev": "9f0d1b354d463afefe85e0e5066c96f066506290",
        "type": "github"
      },
      "original": {
        "owner": "NixOS",
        "ref": "nixos-21.11-small",
        "repo": "nixpkgs",
        "type": "github"
      }
    },
    "nixpkgs-unstable": {
      "locked": {
        "lastModified": 1650726686,
        "narHash": "sha256-hE5PCqQlsdgWH3AUTwesvjZWs5ZUZ8SjMS5cnFB6W54=",
        "owner": "NixOS",
        "repo": "nixpkgs",
        "rev": "3c0f57e36ed0cf9947281e3b31f1bebb7ce5d4a1",
        "type": "github"
      },
      "original": {
        "owner": "NixOS",
        "ref": "nixpkgs-unstable",
        "repo": "nixpkgs",
        "type": "github"
      }
    },
    "root": {
      "inputs": {
        "base16": "base16",
        "base16-atelier": "base16-atelier",
        "home-manager": "home-manager",
        "nixpkgs": "nixpkgs",
        "nixpkgs-unstable": "nixpkgs-unstable",
        "sops-nix": "sops-nix"
      }
    },
    "sops-nix": {
      "inputs": {
        "nixpkgs": [
          "nixpkgs"
        ]
      },
      "locked": {
        "lastModified": 1649756291,
        "narHash": "sha256-KTll8bCINAzIUGaaMrbn9wb5nfhkXRLgmFrWGR/Dku0=",
        "owner": "Mic92",
        "repo": "sops-nix",
        "rev": "c2614c4fe61943b3d280ac1892fcebe6e8eaf8c8",
        "type": "github"
      },
      "original": {
        "owner": "Mic92",
        "repo": "sops-nix",
        "type": "github"
      }
    }
  },
  "root": "root",
  "version": 7
}
